
Microsoft Visual Studio Solution File, Format Version 12.00
# Visual Studio Version 17
VisualStudioVersion = 17.1.32407.343
MinimumVisualStudioVersion = 10.0.40219.1
Project("{FAE04EC0-301F-11D3-BF4B-00C04F79EFBC}") = "Security_Map.Android", "Security_Map\Security_Map.Android\Security_Map.Android.csproj", "{272DE123-50F3-4347-B047-2A7F44D82806}"
EndProject
Project("{FAE04EC0-301F-11D3-BF4B-00C04F79EFBC}") = "Security_Map", "Security_Map\Security_Map\Security_Map.csproj", "{BD264ED5-E11A-4C8C-8C30-A49BEB3CB918}"
EndProject
Global
	GlobalSection(SolutionConfigurationPlatforms) = preSolution
		Debug|Any CPU = Debug|Any CPU
		Release|Any CPU = Release|Any CPU
	EndGlobalSection
	GlobalSection(ProjectConfigurationPlatforms) = postSolution
		{272DE123-50F3-4347-B047-2A7F44D82806}.Debug|Any CPU.ActiveCfg = Debug|Any CPU
		{272DE123-50F3-4347-B047-2A7F44D82806}.Debug|Any CPU.Build.0 = Debug|Any CPU
		{272DE123-50F3-4347-B047-2A7F44D82806}.Debug|Any CPU.Deploy.0 = Debug|Any CPU
		{272DE123-50F3-4347-B047-2A7F44D82806}.Release|Any CPU.ActiveCfg = Release|Any CPU
		{272DE123-50F3-4347-B047-2A7F44D82806}.Release|Any CPU.Build.0 = Release|Any CPU
		{272DE123-50F3-4347-B047-2A7F44D82806}.Release|Any CPU.Deploy.0 = Release|Any CPU
		{BD264ED5-E11A-4C8C-8C30-A49BEB3CB918}.Debug|Any CPU.ActiveCfg = Debug|Any CPU
		{BD264ED5-E11A-4C8C-8C30-A49BEB3CB918}.Debug|Any CPU.Build.0 = Debug|Any CPU
		{BD264ED5-E11A-4C8C-8C30-A49BEB3CB918}.Debug|Any CPU.Deploy.0 = Debug|Any CPU
		{BD264ED5-E11A-4C8C-8C30-A49BEB3CB918}.Release|Any CPU.ActiveCfg = Release|Any CPU
		{BD264ED5-E11A-4C8C-8C30-A49BEB3CB918}.Release|Any CPU.Build.0 = Release|Any CPU
		{BD264ED5-E11A-4C8C-8C30-A49BEB3CB918}.Release|Any CPU.Deploy.0 = Release|Any CPU
	EndGlobalSection
	GlobalSection(SolutionProperties) = preSolution
		HideSolutionNode = FALSE
	EndGlobalSection
	GlobalSection(ExtensibilityGlobals) = postSolution
		SolutionGuid = {8B04546F-D82A-4F36-84DD-66D0A72BA83E}
	EndGlobalSection
EndGlobal
